
Microsoft Visual Studio Solution File, Format Version 9.00
# Visual Studio 2005
Project("{8BC9CEB8-8B4A-11D0-8D11-00A0C91BC942}") = "SendUserMes", "SendUserMes.vcproj", "{FF89C23D-587D-4EBA-8389-3157112D6FA8}"
EndProject
Global
	GlobalSection(SolutionConfigurationPlatforms) = preSolution
		Debug|Win32 = Debug|Win32
		Release|Win32 = Release|Win32
	EndGlobalSection
	GlobalSection(ProjectConfigurationPlatforms) = postSolution
		{FF89C23D-587D-4EBA-8389-3157112D6FA8}.Debug|Win32.ActiveCfg = Debug|Win32
		{FF89C23D-587D-4EBA-8389-3157112D6FA8}.Debug|Win32.Build.0 = Debug|Win32
		{FF89C23D-587D-4EBA-8389-3157112D6FA8}.Release|Win32.ActiveCfg = Release|Win32
		{FF89C23D-587D-4EBA-8389-3157112D6FA8}.Release|Win32.Build.0 = Release|Win32
	EndGlobalSection
	GlobalSection(SolutionProperties) = preSolution
		HideSolutionNode = FALSE
	EndGlobalSection
EndGlobal
